
Microsoft Visual Studio Solution File, Format Version 12.00
# Visual Studio Version 17
VisualStudioVersion = 17.4.33110.190
MinimumVisualStudioVersion = 10.0.40219.1
Project("{FAE04EC0-301F-11D3-BF4B-00C04F79EFBC}") = "Exercice_Echiquier", "Exercice_Echiquier.csproj", "{024B21D8-2C3C-4163-8599-E15D817C4714}"
EndProject
Global
	GlobalSection(SolutionConfigurationPlatforms) = preSolution
		Debug|Any CPU = Debug|Any CPU
		Release|Any CPU = Release|Any CPU
	EndGlobalSection
	GlobalSection(ProjectConfigurationPlatforms) = postSolution
		{024B21D8-2C3C-4163-8599-E15D817C4714}.Debug|Any CPU.ActiveCfg = Debug|Any CPU
		{024B21D8-2C3C-4163-8599-E15D817C4714}.Debug|Any CPU.Build.0 = Debug|Any CPU
		{024B21D8-2C3C-4163-8599-E15D817C4714}.Release|Any CPU.ActiveCfg = Release|Any CPU
		{024B21D8-2C3C-4163-8599-E15D817C4714}.Release|Any CPU.Build.0 = Release|Any CPU
	EndGlobalSection
	GlobalSection(SolutionProperties) = preSolution
		HideSolutionNode = FALSE
	EndGlobalSection
	GlobalSection(ExtensibilityGlobals) = postSolution
		SolutionGuid = {0F12B2CD-20D4-4B6A-84B5-CAF8216E3211}
	EndGlobalSection
EndGlobal
