
Microsoft Visual Studio Solution File, Format Version 12.00
# Visual Studio Version 17
VisualStudioVersion = 17.4.33110.190
MinimumVisualStudioVersion = 10.0.40219.1
Project("{FAE04EC0-301F-11D3-BF4B-00C04F79EFBC}") = "Exercice_ApplicationObjets", "Exercice_ApplicationObjets\Exercice_ApplicationObjets.csproj", "{84778F44-D2A5-40BB-951F-7D92F26D1CC9}"
EndProject
Global
	GlobalSection(SolutionConfigurationPlatforms) = preSolution
		Debug|Any CPU = Debug|Any CPU
		Release|Any CPU = Release|Any CPU
	EndGlobalSection
	GlobalSection(ProjectConfigurationPlatforms) = postSolution
		{84778F44-D2A5-40BB-951F-7D92F26D1CC9}.Debug|Any CPU.ActiveCfg = Debug|Any CPU
		{84778F44-D2A5-40BB-951F-7D92F26D1CC9}.Debug|Any CPU.Build.0 = Debug|Any CPU
		{84778F44-D2A5-40BB-951F-7D92F26D1CC9}.Release|Any CPU.ActiveCfg = Release|Any CPU
		{84778F44-D2A5-40BB-951F-7D92F26D1CC9}.Release|Any CPU.Build.0 = Release|Any CPU
	EndGlobalSection
	GlobalSection(SolutionProperties) = preSolution
		HideSolutionNode = FALSE
	EndGlobalSection
	GlobalSection(ExtensibilityGlobals) = postSolution
		SolutionGuid = {926A812A-91D2-4366-A052-7E0017EB4D40}
	EndGlobalSection
EndGlobal
