
Microsoft Visual Studio Solution File, Format Version 12.00
# Visual Studio Version 17
VisualStudioVersion = 17.4.33110.190
MinimumVisualStudioVersion = 10.0.40219.1
Project("{FAE04EC0-301F-11D3-BF4B-00C04F79EFBC}") = "Exercice_Echiquier_GUI", "Exercice_Echiquier_GUI.csproj", "{0D2B581C-61EF-46DF-B455-B1C6930362C4}"
EndProject
Global
	GlobalSection(SolutionConfigurationPlatforms) = preSolution
		Debug|Any CPU = Debug|Any CPU
		Release|Any CPU = Release|Any CPU
	EndGlobalSection
	GlobalSection(ProjectConfigurationPlatforms) = postSolution
		{0D2B581C-61EF-46DF-B455-B1C6930362C4}.Debug|Any CPU.ActiveCfg = Debug|Any CPU
		{0D2B581C-61EF-46DF-B455-B1C6930362C4}.Debug|Any CPU.Build.0 = Debug|Any CPU
		{0D2B581C-61EF-46DF-B455-B1C6930362C4}.Release|Any CPU.ActiveCfg = Release|Any CPU
		{0D2B581C-61EF-46DF-B455-B1C6930362C4}.Release|Any CPU.Build.0 = Release|Any CPU
	EndGlobalSection
	GlobalSection(SolutionProperties) = preSolution
		HideSolutionNode = FALSE
	EndGlobalSection
	GlobalSection(ExtensibilityGlobals) = postSolution
		SolutionGuid = {8DFDAACE-0B5D-4E07-85C9-0973E59649C1}
	EndGlobalSection
EndGlobal
