
Microsoft Visual Studio Solution File, Format Version 12.00
# Visual Studio Version 17
VisualStudioVersion = 17.4.33110.190
MinimumVisualStudioVersion = 10.0.40219.1
Project("{FAE04EC0-301F-11D3-BF4B-00C04F79EFBC}") = "testWPF", "testWPF\testWPF.csproj", "{9898D233-DFAA-4668-ABBC-4EDC21912DBD}"
EndProject
Global
	GlobalSection(SolutionConfigurationPlatforms) = preSolution
		Debug|Any CPU = Debug|Any CPU
		Release|Any CPU = Release|Any CPU
	EndGlobalSection
	GlobalSection(ProjectConfigurationPlatforms) = postSolution
		{9898D233-DFAA-4668-ABBC-4EDC21912DBD}.Debug|Any CPU.ActiveCfg = Debug|Any CPU
		{9898D233-DFAA-4668-ABBC-4EDC21912DBD}.Debug|Any CPU.Build.0 = Debug|Any CPU
		{9898D233-DFAA-4668-ABBC-4EDC21912DBD}.Release|Any CPU.ActiveCfg = Release|Any CPU
		{9898D233-DFAA-4668-ABBC-4EDC21912DBD}.Release|Any CPU.Build.0 = Release|Any CPU
	EndGlobalSection
	GlobalSection(SolutionProperties) = preSolution
		HideSolutionNode = FALSE
	EndGlobalSection
	GlobalSection(ExtensibilityGlobals) = postSolution
		SolutionGuid = {7A2B1FF4-9B60-46DC-BA48-51702E59AF27}
	EndGlobalSection
EndGlobal
