
Microsoft Visual Studio Solution File, Format Version 12.00
# Visual Studio Version 17
VisualStudioVersion = 17.4.33110.190
MinimumVisualStudioVersion = 10.0.40219.1
Project("{FAE04EC0-301F-11D3-BF4B-00C04F79EFBC}") = "Exercice16", "Exercice16\Exercice16.csproj", "{0F0A6ACC-7937-4E2E-8CDB-B58D03CBD363}"
EndProject
Global
	GlobalSection(SolutionConfigurationPlatforms) = preSolution
		Debug|Any CPU = Debug|Any CPU
		Release|Any CPU = Release|Any CPU
	EndGlobalSection
	GlobalSection(ProjectConfigurationPlatforms) = postSolution
		{0F0A6ACC-7937-4E2E-8CDB-B58D03CBD363}.Debug|Any CPU.ActiveCfg = Debug|Any CPU
		{0F0A6ACC-7937-4E2E-8CDB-B58D03CBD363}.Debug|Any CPU.Build.0 = Debug|Any CPU
		{0F0A6ACC-7937-4E2E-8CDB-B58D03CBD363}.Release|Any CPU.ActiveCfg = Release|Any CPU
		{0F0A6ACC-7937-4E2E-8CDB-B58D03CBD363}.Release|Any CPU.Build.0 = Release|Any CPU
	EndGlobalSection
	GlobalSection(SolutionProperties) = preSolution
		HideSolutionNode = FALSE
	EndGlobalSection
	GlobalSection(ExtensibilityGlobals) = postSolution
		SolutionGuid = {919AE0A9-0C6E-4776-BA92-0F0AEAC45C58}
	EndGlobalSection
EndGlobal
